
Microsoft Visual Studio Solution File, Format Version 12.00
# Visual Studio Version 16
VisualStudioVersion = 16.0.29324.140
MinimumVisualStudioVersion = 10.0.40219.1
Project("{FAE04EC0-301F-11D3-BF4B-00C04F79EFBC}") = "XamConcentricOnboarding.Android", "XamConcentricOnboarding\XamConcentricOnboarding.Android\XamConcentricOnboarding.Android.csproj", "{F9E68DDD-4B6A-4176-9A38-4AD1CFD77CBA}"
EndProject
Project("{FAE04EC0-301F-11D3-BF4B-00C04F79EFBC}") = "XamConcentricOnboarding.iOS", "XamConcentricOnboarding\XamConcentricOnboarding.iOS\XamConcentricOnboarding.iOS.csproj", "{8DF4E599-00BC-409F-B3E0-2D59BBC4F2C8}"
EndProject
Project("{9A19103F-16F7-4668-BE54-9A1E7A4F7556}") = "XamConcentricOnboarding", "XamConcentricOnboarding\XamConcentricOnboarding\XamConcentricOnboarding.csproj", "{F6D367FD-A5B5-4744-B9F7-C40647B6622B}"
EndProject
Global
	GlobalSection(SolutionConfigurationPlatforms) = preSolution
		Debug|Any CPU = Debug|Any CPU
		Debug|iPhone = Debug|iPhone
		Debug|iPhoneSimulator = Debug|iPhoneSimulator
		Release|Any CPU = Release|Any CPU
		Release|iPhone = Release|iPhone
		Release|iPhoneSimulator = Release|iPhoneSimulator
	EndGlobalSection
	GlobalSection(ProjectConfigurationPlatforms) = postSolution
		{F9E68DDD-4B6A-4176-9A38-4AD1CFD77CBA}.Debug|Any CPU.ActiveCfg = Debug|Any CPU
		{F9E68DDD-4B6A-4176-9A38-4AD1CFD77CBA}.Debug|Any CPU.Build.0 = Debug|Any CPU
		{F9E68DDD-4B6A-4176-9A38-4AD1CFD77CBA}.Debug|Any CPU.Deploy.0 = Debug|Any CPU
		{F9E68DDD-4B6A-4176-9A38-4AD1CFD77CBA}.Debug|iPhone.ActiveCfg = Debug|Any CPU
		{F9E68DDD-4B6A-4176-9A38-4AD1CFD77CBA}.Debug|iPhone.Build.0 = Debug|Any CPU
		{F9E68DDD-4B6A-4176-9A38-4AD1CFD77CBA}.Debug|iPhone.Deploy.0 = Debug|Any CPU
		{F9E68DDD-4B6A-4176-9A38-4AD1CFD77CBA}.Debug|iPhoneSimulator.ActiveCfg = Debug|Any CPU
		{F9E68DDD-4B6A-4176-9A38-4AD1CFD77CBA}.Debug|iPhoneSimulator.Build.0 = Debug|Any CPU
		{F9E68DDD-4B6A-4176-9A38-4AD1CFD77CBA}.Debug|iPhoneSimulator.Deploy.0 = Debug|Any CPU
		{F9E68DDD-4B6A-4176-9A38-4AD1CFD77CBA}.Release|Any CPU.ActiveCfg = Release|Any CPU
		{F9E68DDD-4B6A-4176-9A38-4AD1CFD77CBA}.Release|Any CPU.Build.0 = Release|Any CPU
		{F9E68DDD-4B6A-4176-9A38-4AD1CFD77CBA}.Release|Any CPU.Deploy.0 = Release|Any CPU
		{F9E68DDD-4B6A-4176-9A38-4AD1CFD77CBA}.Release|iPhone.ActiveCfg = Release|Any CPU
		{F9E68DDD-4B6A-4176-9A38-4AD1CFD77CBA}.Release|iPhone.Build.0 = Release|Any CPU
		{F9E68DDD-4B6A-4176-9A38-4AD1CFD77CBA}.Release|iPhone.Deploy.0 = Release|Any CPU
		{F9E68DDD-4B6A-4176-9A38-4AD1CFD77CBA}.Release|iPhoneSimulator.ActiveCfg = Release|Any CPU
		{F9E68DDD-4B6A-4176-9A38-4AD1CFD77CBA}.Release|iPhoneSimulator.Build.0 = Release|Any CPU
		{F9E68DDD-4B6A-4176-9A38-4AD1CFD77CBA}.Release|iPhoneSimulator.Deploy.0 = Release|Any CPU
		{8DF4E599-00BC-409F-B3E0-2D59BBC4F2C8}.Debug|Any CPU.ActiveCfg = Debug|iPhoneSimulator
		{8DF4E599-00BC-409F-B3E0-2D59BBC4F2C8}.Debug|Any CPU.Build.0 = Debug|iPhoneSimulator
		{8DF4E599-00BC-409F-B3E0-2D59BBC4F2C8}.Debug|Any CPU.Deploy.0 = Debug|iPhoneSimulator
		{8DF4E599-00BC-409F-B3E0-2D59BBC4F2C8}.Debug|iPhone.ActiveCfg = Debug|iPhone
		{8DF4E599-00BC-409F-B3E0-2D59BBC4F2C8}.Debug|iPhone.Build.0 = Debug|iPhone
		{8DF4E599-00BC-409F-B3E0-2D59BBC4F2C8}.Debug|iPhone.Deploy.0 = Debug|iPhone
		{8DF4E599-00BC-409F-B3E0-2D59BBC4F2C8}.Debug|iPhoneSimulator.ActiveCfg = Debug|iPhoneSimulator
		{8DF4E599-00BC-409F-B3E0-2D59BBC4F2C8}.Debug|iPhoneSimulator.Build.0 = Debug|iPhoneSimulator
		{8DF4E599-00BC-409F-B3E0-2D59BBC4F2C8}.Debug|iPhoneSimulator.Deploy.0 = Debug|iPhoneSimulator
		{8DF4E599-00BC-409F-B3E0-2D59BBC4F2C8}.Release|Any CPU.ActiveCfg = Release|iPhone
		{8DF4E599-00BC-409F-B3E0-2D59BBC4F2C8}.Release|Any CPU.Build.0 = Release|iPhone
		{8DF4E599-00BC-409F-B3E0-2D59BBC4F2C8}.Release|Any CPU.Deploy.0 = Release|iPhone
		{8DF4E599-00BC-409F-B3E0-2D59BBC4F2C8}.Release|iPhone.ActiveCfg = Release|iPhone
		{8DF4E599-00BC-409F-B3E0-2D59BBC4F2C8}.Release|iPhone.Build.0 = Release|iPhone
		{8DF4E599-00BC-409F-B3E0-2D59BBC4F2C8}.Release|iPhone.Deploy.0 = Release|iPhone
		{8DF4E599-00BC-409F-B3E0-2D59BBC4F2C8}.Release|iPhoneSimulator.ActiveCfg = Release|iPhoneSimulator
		{8DF4E599-00BC-409F-B3E0-2D59BBC4F2C8}.Release|iPhoneSimulator.Build.0 = Release|iPhoneSimulator
		{8DF4E599-00BC-409F-B3E0-2D59BBC4F2C8}.Release|iPhoneSimulator.Deploy.0 = Release|iPhoneSimulator
		{F6D367FD-A5B5-4744-B9F7-C40647B6622B}.Debug|Any CPU.ActiveCfg = Debug|Any CPU
		{F6D367FD-A5B5-4744-B9F7-C40647B6622B}.Debug|Any CPU.Build.0 = Debug|Any CPU
		{F6D367FD-A5B5-4744-B9F7-C40647B6622B}.Debug|Any CPU.Deploy.0 = Debug|Any CPU
		{F6D367FD-A5B5-4744-B9F7-C40647B6622B}.Debug|iPhone.ActiveCfg = Debug|Any CPU
		{F6D367FD-A5B5-4744-B9F7-C40647B6622B}.Debug|iPhone.Build.0 = Debug|Any CPU
		{F6D367FD-A5B5-4744-B9F7-C40647B6622B}.Debug|iPhone.Deploy.0 = Debug|Any CPU
		{F6D367FD-A5B5-4744-B9F7-C40647B6622B}.Debug|iPhoneSimulator.ActiveCfg = Debug|Any CPU
		{F6D367FD-A5B5-4744-B9F7-C40647B6622B}.Debug|iPhoneSimulator.Build.0 = Debug|Any CPU
		{F6D367FD-A5B5-4744-B9F7-C40647B6622B}.Debug|iPhoneSimulator.Deploy.0 = Debug|Any CPU
		{F6D367FD-A5B5-4744-B9F7-C40647B6622B}.Release|Any CPU.ActiveCfg = Release|Any CPU
		{F6D367FD-A5B5-4744-B9F7-C40647B6622B}.Release|Any CPU.Build.0 = Release|Any CPU
		{F6D367FD-A5B5-4744-B9F7-C40647B6622B}.Release|Any CPU.Deploy.0 = Release|Any CPU
		{F6D367FD-A5B5-4744-B9F7-C40647B6622B}.Release|iPhone.ActiveCfg = Release|Any CPU
		{F6D367FD-A5B5-4744-B9F7-C40647B6622B}.Release|iPhone.Build.0 = Release|Any CPU
		{F6D367FD-A5B5-4744-B9F7-C40647B6622B}.Release|iPhone.Deploy.0 = Release|Any CPU
		{F6D367FD-A5B5-4744-B9F7-C40647B6622B}.Release|iPhoneSimulator.ActiveCfg = Release|Any CPU
		{F6D367FD-A5B5-4744-B9F7-C40647B6622B}.Release|iPhoneSimulator.Build.0 = Release|Any CPU
		{F6D367FD-A5B5-4744-B9F7-C40647B6622B}.Release|iPhoneSimulator.Deploy.0 = Release|Any CPU
	EndGlobalSection
	GlobalSection(SolutionProperties) = preSolution
		HideSolutionNode = FALSE
	EndGlobalSection
	GlobalSection(ExtensibilityGlobals) = postSolution
		SolutionGuid = {EDCC6BDD-3171-4AC3-97FE-C88B7C005368}
	EndGlobalSection
EndGlobal
